
Microsoft Visual Studio Solution File, Format Version 12.00
# Visual Studio 14
VisualStudioVersion = 14.0.22823.1
MinimumVisualStudioVersion = 10.0.40219.1
Project("{FAE04EC0-301F-11D3-BF4B-00C04F79EFBC}") = "Pr_01_Shapes", "Pr_01_Shapes\Pr_01_Shapes.csproj", "{F6CF334A-13D2-4881-B70C-6E8535600F0D}"
EndProject
Project("{FAE04EC0-301F-11D3-BF4B-00C04F79EFBC}") = "Pr_02_BankOfCurtovoConare", "Pr_02_BankOfCurtovoConare\Pr_02_BankOfCurtovoConare.csproj", "{7C98384E-A8ED-4360-98FE-7C4FDFF9C520}"
EndProject
Global
	GlobalSection(SolutionConfigurationPlatforms) = preSolution
		Debug|Any CPU = Debug|Any CPU
		Release|Any CPU = Release|Any CPU
	EndGlobalSection
	GlobalSection(ProjectConfigurationPlatforms) = postSolution
		{F6CF334A-13D2-4881-B70C-6E8535600F0D}.Debug|Any CPU.ActiveCfg = Debug|Any CPU
		{F6CF334A-13D2-4881-B70C-6E8535600F0D}.Debug|Any CPU.Build.0 = Debug|Any CPU
		{F6CF334A-13D2-4881-B70C-6E8535600F0D}.Release|Any CPU.ActiveCfg = Release|Any CPU
		{F6CF334A-13D2-4881-B70C-6E8535600F0D}.Release|Any CPU.Build.0 = Release|Any CPU
		{7C98384E-A8ED-4360-98FE-7C4FDFF9C520}.Debug|Any CPU.ActiveCfg = Debug|Any CPU
		{7C98384E-A8ED-4360-98FE-7C4FDFF9C520}.Debug|Any CPU.Build.0 = Debug|Any CPU
		{7C98384E-A8ED-4360-98FE-7C4FDFF9C520}.Release|Any CPU.ActiveCfg = Release|Any CPU
		{7C98384E-A8ED-4360-98FE-7C4FDFF9C520}.Release|Any CPU.Build.0 = Release|Any CPU
	EndGlobalSection
	GlobalSection(SolutionProperties) = preSolution
		HideSolutionNode = FALSE
	EndGlobalSection
EndGlobal
