
Microsoft Visual Studio Solution File, Format Version 12.00
# Visual Studio 14
VisualStudioVersion = 14.0.22823.1
MinimumVisualStudioVersion = 10.0.40219.1
Project("{FAE04EC0-301F-11D3-BF4B-00C04F79EFBC}") = "Pr_01_Persons", "Pr_01_Persons\Pr_01_Persons.csproj", "{A8C80864-7D1F-442B-B17D-8A4E8F7BABDD}"
EndProject
Project("{FAE04EC0-301F-11D3-BF4B-00C04F79EFBC}") = "Pr_02_LaptopShop", "Pr_02_LaptopShop\Pr_02_LaptopShop.csproj", "{7D9D2E07-51A0-41D4-81E2-C15FA4F3D9F4}"
EndProject
Project("{FAE04EC0-301F-11D3-BF4B-00C04F79EFBC}") = "Pr_03_PcCatalog", "Pr_03_PcCatalog\Pr_03_PcCatalog.csproj", "{651EA5C9-B303-4BE1-9079-C4F9D5C3131B}"
EndProject
Global
	GlobalSection(SolutionConfigurationPlatforms) = preSolution
		Debug|Any CPU = Debug|Any CPU
		Release|Any CPU = Release|Any CPU
	EndGlobalSection
	GlobalSection(ProjectConfigurationPlatforms) = postSolution
		{A8C80864-7D1F-442B-B17D-8A4E8F7BABDD}.Debug|Any CPU.ActiveCfg = Debug|Any CPU
		{A8C80864-7D1F-442B-B17D-8A4E8F7BABDD}.Debug|Any CPU.Build.0 = Debug|Any CPU
		{A8C80864-7D1F-442B-B17D-8A4E8F7BABDD}.Release|Any CPU.ActiveCfg = Release|Any CPU
		{A8C80864-7D1F-442B-B17D-8A4E8F7BABDD}.Release|Any CPU.Build.0 = Release|Any CPU
		{7D9D2E07-51A0-41D4-81E2-C15FA4F3D9F4}.Debug|Any CPU.ActiveCfg = Debug|Any CPU
		{7D9D2E07-51A0-41D4-81E2-C15FA4F3D9F4}.Debug|Any CPU.Build.0 = Debug|Any CPU
		{7D9D2E07-51A0-41D4-81E2-C15FA4F3D9F4}.Release|Any CPU.ActiveCfg = Release|Any CPU
		{7D9D2E07-51A0-41D4-81E2-C15FA4F3D9F4}.Release|Any CPU.Build.0 = Release|Any CPU
		{651EA5C9-B303-4BE1-9079-C4F9D5C3131B}.Debug|Any CPU.ActiveCfg = Debug|Any CPU
		{651EA5C9-B303-4BE1-9079-C4F9D5C3131B}.Debug|Any CPU.Build.0 = Debug|Any CPU
		{651EA5C9-B303-4BE1-9079-C4F9D5C3131B}.Release|Any CPU.ActiveCfg = Release|Any CPU
		{651EA5C9-B303-4BE1-9079-C4F9D5C3131B}.Release|Any CPU.Build.0 = Release|Any CPU
	EndGlobalSection
	GlobalSection(SolutionProperties) = preSolution
		HideSolutionNode = FALSE
	EndGlobalSection
EndGlobal
